<?xml version="1.0" encoding="utf-8"?>
<Project ToolsVersion="4.0" xmlns="http://schemas.microsoft.com/developer/msbuild/2003">
  <ItemGroup>
    <Filter Include="Header Files">
      <UniqueIdentifier>{1680C80B-FF1E-EA4D-9817-CC12254F2E40}</UniqueIdentifier>
    </Filter>
    <Filter Include="Link Libraries">
      <UniqueIdentifier>{C5D73B3A-C648-896C-B7CE-F174808E5BA5}</UniqueIdentifier>
    </Filter>
    <Filter Include="Source Files">
      <UniqueIdentifier>{BA03E055-4FA2-FCE3-8A1C-D348547D379C}</UniqueIdentifier>
    </Filter>
    <Filter Include="Source Files\particles_new">
      <UniqueIdentifier>{77312a7c-5802-47dc-b4af-ddb0680d59f9}</UniqueIdentifier>
    </Filter>
  </ItemGroup>
  <ItemGroup>
    <Library Include="..\..\lib\public\bitmap.lib">
      <Filter>Link Libraries</Filter>
    </Library>
  </ItemGroup>
  <ItemGroup>
    <ClInclude Include="..\..\public\matsys_controls\assetpicker.h">
      <Filter>Header Files</Filter>
    </ClInclude>
    <ClInclude Include="..\..\public\matsys_controls\baseassetpicker.h">
      <Filter>Header Files</Filter>
    </ClInclude>
    <ClInclude Include="..\..\public\matsys_controls\colorpickerpanel.h">
      <Filter>Header Files</Filter>
    </ClInclude>
    <ClInclude Include="..\..\public\matsys_controls\gamefiletreeview.h">
      <Filter>Header Files</Filter>
    </ClInclude>
    <ClInclude Include="..\..\public\matsys_controls\manipulator.h">
      <Filter>Header Files</Filter>
    </ClInclude>
    <ClInclude Include="..\..\public\matsys_controls\matsyscontrols.h">
      <Filter>Header Files</Filter>
    </ClInclude>
    <ClInclude Include="..\..\public\matsys_controls\mdlpanel.h">
      <Filter>Header Files</Filter>
    </ClInclude>
    <ClInclude Include="..\..\public\matsys_controls\mdlpicker.h">
      <Filter>Header Files</Filter>
    </ClInclude>
    <ClInclude Include="..\..\public\matsys_controls\mdlsequencepicker.h">
      <Filter>Header Files</Filter>
    </ClInclude>
    <ClInclude Include="..\..\public\matsys_controls\picker.h">
      <Filter>Header Files</Filter>
    </ClInclude>
    <ClInclude Include="..\..\public\matsys_controls\potterywheelpanel.h">
      <Filter>Header Files</Filter>
    </ClInclude>
    <ClInclude Include="..\..\public\matsys_controls\proceduraltexturepanel.h">
      <Filter>Header Files</Filter>
    </ClInclude>
    <ClInclude Include="..\..\public\matsys_controls\QCGenerator.h">
      <Filter>Header Files</Filter>
    </ClInclude>
    <ClInclude Include="..\..\public\matsys_controls\sequencepicker.h">
      <Filter>Header Files</Filter>
    </ClInclude>
    <ClInclude Include="..\..\public\matsys_controls\tgapreviewpanel.h">
      <Filter>Header Files</Filter>
    </ClInclude>
    <ClInclude Include="..\..\public\matsys_controls\vmtpanel.h">
      <Filter>Header Files</Filter>
    </ClInclude>
    <ClInclude Include="..\..\public\matsys_controls\vmtpicker.h">
      <Filter>Header Files</Filter>
    </ClInclude>
    <ClInclude Include="..\..\public\matsys_controls\vmtpreviewpanel.h">
      <Filter>Header Files</Filter>
    </ClInclude>
    <ClInclude Include="..\..\public\matsys_controls\vtfpicker.h">
      <Filter>Header Files</Filter>
    </ClInclude>
    <ClInclude Include="..\..\public\matsys_controls\vtfpreviewpanel.h">
      <Filter>Header Files</Filter>
    </ClInclude>
    <ClInclude Include="..\..\public\dme_controls\particlesystempanel.h">
      <Filter>Header Files</Filter>
    </ClInclude>
  </ItemGroup>
  <ItemGroup>
    <ClCompile Include="assetpicker.cpp">
      <Filter>Source Files</Filter>
    </ClCompile>
    <ClCompile Include="baseassetpicker.cpp">
      <Filter>Source Files</Filter>
    </ClCompile>
    <ClCompile Include="colorpickerpanel.cpp">
      <Filter>Source Files</Filter>
    </ClCompile>
    <ClCompile Include="curveeditorpanel.cpp">
      <Filter>Source Files</Filter>
    </ClCompile>
    <ClCompile Include="..\..\common\debug_lib_check.cpp">
      <Filter>Source Files</Filter>
    </ClCompile>
    <ClCompile Include="gamefiletreeview.cpp">
      <Filter>Source Files</Filter>
    </ClCompile>
    <ClCompile Include="manipulator.cpp">
      <Filter>Source Files</Filter>
    </ClCompile>
    <ClCompile Include="matsyscontrols.cpp">
      <Filter>Source Files</Filter>
    </ClCompile>
    <ClCompile Include="mdlpanel.cpp">
      <Filter>Source Files</Filter>
    </ClCompile>
    <ClCompile Include="mdlpicker.cpp">
      <Filter>Source Files</Filter>
    </ClCompile>
    <ClCompile Include="mdlsequencepicker.cpp">
      <Filter>Source Files</Filter>
    </ClCompile>
    <ClCompile Include="picker.cpp">
      <Filter>Source Files</Filter>
    </ClCompile>
    <ClCompile Include="potterywheelpanel.cpp">
      <Filter>Source Files</Filter>
    </ClCompile>
    <ClCompile Include="proceduraltexturepanel.cpp">
      <Filter>Source Files</Filter>
    </ClCompile>
    <ClCompile Include="QCGenerator.cpp">
      <Filter>Source Files</Filter>
    </ClCompile>
    <ClCompile Include="sequencepicker.cpp">
      <Filter>Source Files</Filter>
    </ClCompile>
    <ClCompile Include="tgapreviewpanel.cpp">
      <Filter>Source Files</Filter>
    </ClCompile>
    <ClCompile Include="vmtpanel.cpp">
      <Filter>Source Files</Filter>
    </ClCompile>
    <ClCompile Include="vmtpicker.cpp">
      <Filter>Source Files</Filter>
    </ClCompile>
    <ClCompile Include="vmtpreviewpanel.cpp">
      <Filter>Source Files</Filter>
    </ClCompile>
    <ClCompile Include="vtfpicker.cpp">
      <Filter>Source Files</Filter>
    </ClCompile>
    <ClCompile Include="vtfpreviewpanel.cpp">
      <Filter>Source Files</Filter>
    </ClCompile>
    <ClCompile Include="particlepicker.cpp">
      <Filter>Source Files</Filter>
    </ClCompile>
    <ClCompile Include="..\dme_controls\particlesystempanel.cpp">
      <Filter>Source Files\particles_new</Filter>
    </ClCompile>
    <ClCompile Include="..\dme_controls\dmepanel.cpp">
      <Filter>Source Files\particles_new</Filter>
    </ClCompile>
  </ItemGroup>
  <ItemGroup>
  </ItemGroup>
</Project>