
Microsoft Visual Studio Solution File, Format Version 12.00
# Visual Studio 14
VisualStudioVersion = 14.0.25123.0
MinimumVisualStudioVersion = 10.0.40219.1
Project("{8BC9CEB8-8B4A-11D0-8D11-00A0C91BC942}") = "level_editor_dll", "hammer\hammer_dll.vcxproj", "{8917EAD6-89F8-D8EE-8243-629A206C95D8}"
EndProject
Project("{8BC9CEB8-8B4A-11D0-8D11-00A0C91BC942}") = "level_editor", "hammer_launcher\hammer_launcher.vcxproj", "{450E4609-31C3-4875-A8B0-C008DE3AE3ED}"
EndProject
Project("{8BC9CEB8-8B4A-11D0-8D11-00A0C91BC942}") = "Raytrace", "raytrace\raytrace.vcxproj", "{95D67225-8415-236F-9128-DCB171B7DEC6}"
EndProject
Project("{2150E333-8FDC-42A3-9474-1A3956D46DE8}") = "Libs", "Libs", "{9C051024-C54B-430F-A2CD-3FE00E2980BD}"
EndProject
Project("{8BC9CEB8-8B4A-11D0-8D11-00A0C91BC942}") = "vgui_controls", "vgui2\vgui_controls\vgui_controls.vcxproj", "{F69B3672-C5E8-CD1A-257F-253A25B5B939}"
EndProject
Project("{8BC9CEB8-8B4A-11D0-8D11-00A0C91BC942}") = "matsys_controls", "vgui2\matsys_controls\matsys_controls.vcxproj", "{E18D14DE-31A5-61D8-5406-C3D72A974173}"
EndProject
Project("{8BC9CEB8-8B4A-11D0-8D11-00A0C91BC942}") = "Fgdlib", "fgdlib\fgdlib.vcxproj", "{A2ACA839-712B-1CD6-60AA-5D1BC7C8BAE6}"
EndProject
Project("{2150E333-8FDC-42A3-9474-1A3956D46DE8}") = "DME", "DME", "{995A5C4B-9670-4113-8D59-3C9B704A48B4}"
EndProject
Project("{8BC9CEB8-8B4A-11D0-8D11-00A0C91BC942}") = "Datamodel", "datamodel\datamodel.vcxproj", "{8F28E772-D187-2ACE-6704-A05C90DBB78B}"
EndProject
Project("{8BC9CEB8-8B4A-11D0-8D11-00A0C91BC942}") = "Dmserializers", "dmserializers\dmserializers.vcxproj", "{691D84CA-A3AB-8291-BFC5-40A19AFCBA99}"
EndProject
Project("{8BC9CEB8-8B4A-11D0-8D11-00A0C91BC942}") = "Dmxloader", "dmxloader\dmxloader.vcxproj", "{53920C3D-8E89-A4CC-DA19-DCBA9C7B7FCE}"
EndProject
Project("{8BC9CEB8-8B4A-11D0-8D11-00A0C91BC942}") = "Movieobjects", "movieobjects\movieobjects.vcxproj", "{CAD9ADB1-E885-7A8F-80AF-5542266390F0}"
EndProject
Project("{8BC9CEB8-8B4A-11D0-8D11-00A0C91BC942}") = "Dme_controls", "vgui2\dme_controls\dme_controls.vcxproj", "{B0D3AEDE-1287-F03C-449E-EC7E7E549E46}"
EndProject
Global
	GlobalSection(SolutionConfigurationPlatforms) = preSolution
		Debug|x86 = Debug|x86
		Release|x86 = Release|x86
		Release-Manifest|x86 = Release-Manifest|x86
	EndGlobalSection
	GlobalSection(ProjectConfigurationPlatforms) = postSolution
		{8917EAD6-89F8-D8EE-8243-629A206C95D8}.Debug|x86.ActiveCfg = Debug|Win32
		{8917EAD6-89F8-D8EE-8243-629A206C95D8}.Debug|x86.Build.0 = Debug|Win32
		{8917EAD6-89F8-D8EE-8243-629A206C95D8}.Release|x86.ActiveCfg = Release|Win32
		{8917EAD6-89F8-D8EE-8243-629A206C95D8}.Release|x86.Build.0 = Release|Win32
		{8917EAD6-89F8-D8EE-8243-629A206C95D8}.Release-Manifest|x86.ActiveCfg = Release-Manifest|Win32
		{8917EAD6-89F8-D8EE-8243-629A206C95D8}.Release-Manifest|x86.Build.0 = Release-Manifest|Win32
		{450E4609-31C3-4875-A8B0-C008DE3AE3ED}.Debug|x86.ActiveCfg = Debug|Win32
		{450E4609-31C3-4875-A8B0-C008DE3AE3ED}.Debug|x86.Build.0 = Debug|Win32
		{450E4609-31C3-4875-A8B0-C008DE3AE3ED}.Release|x86.ActiveCfg = Release|Win32
		{450E4609-31C3-4875-A8B0-C008DE3AE3ED}.Release|x86.Build.0 = Release|Win32
		{450E4609-31C3-4875-A8B0-C008DE3AE3ED}.Release-Manifest|x86.ActiveCfg = Release-Manifest|Win32
		{450E4609-31C3-4875-A8B0-C008DE3AE3ED}.Release-Manifest|x86.Build.0 = Release-Manifest|Win32
		{95D67225-8415-236F-9128-DCB171B7DEC6}.Debug|x86.ActiveCfg = Debug|Win32
		{95D67225-8415-236F-9128-DCB171B7DEC6}.Debug|x86.Build.0 = Debug|Win32
		{95D67225-8415-236F-9128-DCB171B7DEC6}.Release|x86.ActiveCfg = Release|Win32
		{95D67225-8415-236F-9128-DCB171B7DEC6}.Release|x86.Build.0 = Release|Win32
		{95D67225-8415-236F-9128-DCB171B7DEC6}.Release-Manifest|x86.ActiveCfg = Release-Manifest|Win32
		{95D67225-8415-236F-9128-DCB171B7DEC6}.Release-Manifest|x86.Build.0 = Release-Manifest|Win32
		{F69B3672-C5E8-CD1A-257F-253A25B5B939}.Debug|x86.ActiveCfg = Debug|Win32
		{F69B3672-C5E8-CD1A-257F-253A25B5B939}.Debug|x86.Build.0 = Debug|Win32
		{F69B3672-C5E8-CD1A-257F-253A25B5B939}.Release|x86.ActiveCfg = Release|Win32
		{F69B3672-C5E8-CD1A-257F-253A25B5B939}.Release|x86.Build.0 = Release|Win32
		{F69B3672-C5E8-CD1A-257F-253A25B5B939}.Release-Manifest|x86.ActiveCfg = Release-Manifest|Win32
		{F69B3672-C5E8-CD1A-257F-253A25B5B939}.Release-Manifest|x86.Build.0 = Release-Manifest|Win32
		{E18D14DE-31A5-61D8-5406-C3D72A974173}.Debug|x86.ActiveCfg = Debug|Win32
		{E18D14DE-31A5-61D8-5406-C3D72A974173}.Debug|x86.Build.0 = Debug|Win32
		{E18D14DE-31A5-61D8-5406-C3D72A974173}.Release|x86.ActiveCfg = Release|Win32
		{E18D14DE-31A5-61D8-5406-C3D72A974173}.Release|x86.Build.0 = Release|Win32
		{E18D14DE-31A5-61D8-5406-C3D72A974173}.Release-Manifest|x86.ActiveCfg = Release-Manifest|Win32
		{E18D14DE-31A5-61D8-5406-C3D72A974173}.Release-Manifest|x86.Build.0 = Release-Manifest|Win32
		{A2ACA839-712B-1CD6-60AA-5D1BC7C8BAE6}.Debug|x86.ActiveCfg = Debug|Win32
		{A2ACA839-712B-1CD6-60AA-5D1BC7C8BAE6}.Debug|x86.Build.0 = Debug|Win32
		{A2ACA839-712B-1CD6-60AA-5D1BC7C8BAE6}.Release|x86.ActiveCfg = Release|Win32
		{A2ACA839-712B-1CD6-60AA-5D1BC7C8BAE6}.Release|x86.Build.0 = Release|Win32
		{A2ACA839-712B-1CD6-60AA-5D1BC7C8BAE6}.Release-Manifest|x86.ActiveCfg = Release-Manifest|Win32
		{A2ACA839-712B-1CD6-60AA-5D1BC7C8BAE6}.Release-Manifest|x86.Build.0 = Release-Manifest|Win32
		{8F28E772-D187-2ACE-6704-A05C90DBB78B}.Debug|x86.ActiveCfg = Debug|Win32
		{8F28E772-D187-2ACE-6704-A05C90DBB78B}.Debug|x86.Build.0 = Debug|Win32
		{8F28E772-D187-2ACE-6704-A05C90DBB78B}.Release|x86.ActiveCfg = Release|Win32
		{8F28E772-D187-2ACE-6704-A05C90DBB78B}.Release|x86.Build.0 = Release|Win32
		{8F28E772-D187-2ACE-6704-A05C90DBB78B}.Release-Manifest|x86.ActiveCfg = Release|Win32
		{8F28E772-D187-2ACE-6704-A05C90DBB78B}.Release-Manifest|x86.Build.0 = Release|Win32
		{691D84CA-A3AB-8291-BFC5-40A19AFCBA99}.Debug|x86.ActiveCfg = Debug|Win32
		{691D84CA-A3AB-8291-BFC5-40A19AFCBA99}.Debug|x86.Build.0 = Debug|Win32
		{691D84CA-A3AB-8291-BFC5-40A19AFCBA99}.Release|x86.ActiveCfg = Release|Win32
		{691D84CA-A3AB-8291-BFC5-40A19AFCBA99}.Release|x86.Build.0 = Release|Win32
		{691D84CA-A3AB-8291-BFC5-40A19AFCBA99}.Release-Manifest|x86.ActiveCfg = Release|Win32
		{691D84CA-A3AB-8291-BFC5-40A19AFCBA99}.Release-Manifest|x86.Build.0 = Release|Win32
		{53920C3D-8E89-A4CC-DA19-DCBA9C7B7FCE}.Debug|x86.ActiveCfg = Debug|Win32
		{53920C3D-8E89-A4CC-DA19-DCBA9C7B7FCE}.Debug|x86.Build.0 = Debug|Win32
		{53920C3D-8E89-A4CC-DA19-DCBA9C7B7FCE}.Release|x86.ActiveCfg = Release|Win32
		{53920C3D-8E89-A4CC-DA19-DCBA9C7B7FCE}.Release|x86.Build.0 = Release|Win32
		{53920C3D-8E89-A4CC-DA19-DCBA9C7B7FCE}.Release-Manifest|x86.ActiveCfg = Release|Win32
		{53920C3D-8E89-A4CC-DA19-DCBA9C7B7FCE}.Release-Manifest|x86.Build.0 = Release|Win32
		{CAD9ADB1-E885-7A8F-80AF-5542266390F0}.Debug|x86.ActiveCfg = Debug|Win32
		{CAD9ADB1-E885-7A8F-80AF-5542266390F0}.Debug|x86.Build.0 = Debug|Win32
		{CAD9ADB1-E885-7A8F-80AF-5542266390F0}.Release|x86.ActiveCfg = Release|Win32
		{CAD9ADB1-E885-7A8F-80AF-5542266390F0}.Release|x86.Build.0 = Release|Win32
		{CAD9ADB1-E885-7A8F-80AF-5542266390F0}.Release-Manifest|x86.ActiveCfg = Release|Win32
		{CAD9ADB1-E885-7A8F-80AF-5542266390F0}.Release-Manifest|x86.Build.0 = Release|Win32
		{B0D3AEDE-1287-F03C-449E-EC7E7E549E46}.Debug|x86.ActiveCfg = Debug|Win32
		{B0D3AEDE-1287-F03C-449E-EC7E7E549E46}.Debug|x86.Build.0 = Debug|Win32
		{B0D3AEDE-1287-F03C-449E-EC7E7E549E46}.Release|x86.ActiveCfg = Release|Win32
		{B0D3AEDE-1287-F03C-449E-EC7E7E549E46}.Release|x86.Build.0 = Release|Win32
		{B0D3AEDE-1287-F03C-449E-EC7E7E549E46}.Release-Manifest|x86.ActiveCfg = Release|Win32
		{B0D3AEDE-1287-F03C-449E-EC7E7E549E46}.Release-Manifest|x86.Build.0 = Release|Win32
	EndGlobalSection
	GlobalSection(SolutionProperties) = preSolution
		HideSolutionNode = FALSE
	EndGlobalSection
	GlobalSection(NestedProjects) = preSolution
		{95D67225-8415-236F-9128-DCB171B7DEC6} = {9C051024-C54B-430F-A2CD-3FE00E2980BD}
		{F69B3672-C5E8-CD1A-257F-253A25B5B939} = {9C051024-C54B-430F-A2CD-3FE00E2980BD}
		{E18D14DE-31A5-61D8-5406-C3D72A974173} = {9C051024-C54B-430F-A2CD-3FE00E2980BD}
		{A2ACA839-712B-1CD6-60AA-5D1BC7C8BAE6} = {9C051024-C54B-430F-A2CD-3FE00E2980BD}
		{995A5C4B-9670-4113-8D59-3C9B704A48B4} = {9C051024-C54B-430F-A2CD-3FE00E2980BD}
		{8F28E772-D187-2ACE-6704-A05C90DBB78B} = {995A5C4B-9670-4113-8D59-3C9B704A48B4}
		{691D84CA-A3AB-8291-BFC5-40A19AFCBA99} = {995A5C4B-9670-4113-8D59-3C9B704A48B4}
		{53920C3D-8E89-A4CC-DA19-DCBA9C7B7FCE} = {995A5C4B-9670-4113-8D59-3C9B704A48B4}
		{CAD9ADB1-E885-7A8F-80AF-5542266390F0} = {995A5C4B-9670-4113-8D59-3C9B704A48B4}
		{B0D3AEDE-1287-F03C-449E-EC7E7E549E46} = {995A5C4B-9670-4113-8D59-3C9B704A48B4}
	EndGlobalSection
EndGlobal
